schema: '2.0'
stages:
  process_daquar:
    cmd: PYTHONPATH=. python pipelines/process_daquar.py
    deps:
    - path: data/raw/daquar/data_eval.csv
      md5: 0d791523aa1ef9be020ea68a30e4a1dc
      size: 307260
    - path: data/raw/daquar/data_train.csv
      md5: a8bdadf3dc81a0b92b7d8f35f81b5edf
      size: 370864
    - path: pipelines/process_daquar.py
      md5: 0adc1a3387396c7acc15d74d7060d5ea
      size: 2504
    outs:
    - path: data/processed/daquar/daquar_eval_flattened.csv
      md5: 3ef80b708d05da1736d2adc8c7572382
      size: 338651
    - path: data/processed/daquar/daquar_train_flattened.csv
      md5: ac0e3eb5a1a9307e96f787824ea3cdff
      size: 404868
  generate_vqa_v2_samples_answers_space:
    cmd: PYTHONPATH=. python pipelines/process_vqa_v2_samples.py
    deps:
    - path: pipelines/process_vqa_v2_samples.py
      md5: d99325f5d94cafc90d3c50d08154b644
      size: 2059
    outs:
    - path: data/processed/vqa_v2/vqa_v2_sample_answers_space.json
      md5: 02e59467520ca62e3bcf5e3d90c4f71d
      size: 183262
  generate_vqa_v2_sample_answers_space:
    cmd: PYTHONPATH=. python pipelines/process_vqa_v2_sample.py
    deps:
    - path: pipelines/process_vqa_v2_sample.py
      md5: 5bdb52388a9a05991caa41c6dca3eb4a
      size: 4041
    params:
      params.yaml:
        vqa_v2_sample.answers_space.include_alternative_answers: false
    outs:
    - path: data/processed/vqa_v2/vqa_v2_sample_answers_space.json
      md5: 8188bed4a7f400c3d97782415746ded8
      size: 39688
  generate_vqa_v2_raw_answers_space:
    cmd: PYTHONPATH=. python pipelines/generate_vqa_v2_raw_answers_space.py
    deps:
    - path: data/raw/vqa_v2/examples/vqa_v2_answers_space_raw_example.json
      md5: 3ca2c6472c2b2161a34e5a03a7815d70
      size: 10548076
    - path: pipelines/generate_vqa_v2_raw_answers_space.py
      md5: 7c1fc2cc66014f75ce68e1f3d4c4acab
      size: 4632
    params:
      params.yaml:
        vqa_v2.answers_space.raw.copy_example: true
        vqa_v2.answers_space.raw.include_alternative_answers: false
    outs:
    - path: data/raw/vqa_v2/vqa_v2_answers_space_raw.json
      md5: 3ca2c6472c2b2161a34e5a03a7815d70
      size: 10548076
  process_vqa_v2:
    cmd: PYTHONPATH=. python pipelines/process_vqa_v2.py
    deps:
    - path: data/raw/vqa_v2/vqa_v2_answers_space_raw.json
      md5: 3ca2c6472c2b2161a34e5a03a7815d70
      size: 10548076
    - path: pipelines/process_vqa_v2.py
      md5: de26ec4d0d7f8f4f87dc88b4b3cfb84a
      size: 1434
    outs:
    - path: data/processed/vqa_v2/vqa_v2_answers_space.json
      md5: dabf6d83f31842ac152acf6a6bdedcf8
      size: 9541940
