schema: '2.0'
stages:
  process_daquar:
    cmd: python pipelines/process_daquar.py
    deps:
    - path: data/raw/daquar/data_eval.csv
      md5: 0d791523aa1ef9be020ea68a30e4a1dc
      size: 307260
    - path: data/raw/daquar/data_train.csv
      md5: a8bdadf3dc81a0b92b7d8f35f81b5edf
      size: 370864
    - path: pipelines/process_daquar.py
      md5: c9d114ae8002e328e5aee15acde32886
      size: 2854
    outs:
    - path: data/processed/daquar/daquar_eval_flattened.csv
      md5: f13adf851d6a0c466d58413186de7ede
      size: 370352
    - path: data/processed/daquar/daquar_train_flattened.csv
      md5: 83c9fcda86c4adcdc34652c67b539904
      size: 442599
